{
  "originHash" : "0bdb8ed5fb33ee6143cfa7451c7b086f996049d685ecc8ce01789465debfa55c",
  "pins" : [
    {
      "identity" : "core",
      "kind" : "remoteSourceControl",
      "location" : "git@github.com:aftabahmed1286/Core.git",
      "state" : {
        "branch" : "main",
        "revision" : "c3f48abf99067a6d3ddb3d5d950b30049e1ae313"
      }
    },
    {
      "identity" : "customer",
      "kind" : "remoteSourceControl",
      "location" : "git@github.com:aftabahmed1286/Customer.git",
      "state" : {
        "branch" : "main",
        "revision" : "b28a6105eae7e25080166c56d8a16a08cc67b216"
      }
    },
    {
      "identity" : "dashboard",
      "kind" : "remoteSourceControl",
      "location" : "git@github.com:aftabahmed1286/Dashboard.git",
      "state" : {
        "branch" : "main",
        "revision" : "01750a0a81d73179734282c0dfc0d13a0a654436"
      }
    },
    {
      "identity" : "inventory",
      "kind" : "remoteSourceControl",
      "location" : "git@github.com:aftabahmed1286/Inventory.git",
      "state" : {
        "branch" : "main",
        "revision" : "5c0a4ed5bc93cd736183f643c4bf842a6064db61"
      }
    },
    {
      "identity" : "invoice",
      "kind" : "remoteSourceControl",
      "location" : "git@github.com:aftabahmed1286/Invoice.git",
      "state" : {
        "branch" : "main",
        "revision" : "19fc3110e9b5c7bc2243ac22d50ee3ef58b39abc"
      }
    },
    {
      "identity" : "paymentreceipt",
      "kind" : "remoteSourceControl",
      "location" : "git@github.com:aftabahmed1286/PaymentReceipt.git",
      "state" : {
        "branch" : "main",
        "revision" : "789b686e6f4cd8b4416bc25de0c54c094587f3d7"
      }
    },
    {
      "identity" : "product",
      "kind" : "remoteSourceControl",
      "location" : "git@github.com:aftabahmed1286/Product.git",
      "state" : {
        "branch" : "main",
        "revision" : "ef9f0b5e990f42fbb74dbb1dfc2aa0f55e5ce4df"
      }
    }
  ],
  "version" : 3
}
