// !$*UTF8*$!
{
	archiveVersion = 1;
	classes = {
	};
	objectVersion = 77;
	objects = {

/* Begin PBXBuildFile section */
		390DC84C2E9C318D00771178 /* Core in Frameworks */ = {isa = PBXBuildFile; productRef = 390DC84B2E9C318D00771178 /* Core */; };
		390DC8502E9C321F00771178 /* Customer in Frameworks */ = {isa = PBXBuildFile; productRef = 390DC84F2E9C321F00771178 /* Customer */; };
		390DC87C2E9CEB8D00771178 /* README.md in Resources */ = {isa = PBXBuildFile; fileRef = 390DC87B2E9CEB8C00771178 /* README.md */; };
		390DC8AF2E9EA10000771178 /* Core in Frameworks */ = {isa = PBXBuildFile; productRef = 39B9AF362E9BADCA002F0945 /* Core */; };
		390DC8B02E9EA10000771178 /* PaymentReceipt in Frameworks */ = {isa = PBXBuildFile; productRef = 394F8CE52E9BBAFF0043E5CF /* PaymentReceipt */; };
		390DC8B12E9EA10000771178 /* Core in Frameworks */ = {isa = PBXBuildFile; productRef = 394F8CE72E9BFDCD0043E5CF /* Core */; };
		390DC8B22E9EA10000771178 /* Product in Frameworks */ = {isa = PBXBuildFile; productRef = 394F8CEA2E9C01040043E5CF /* Product */; };
		390DC8B32E9EA10000771178 /* Customer in Frameworks */ = {isa = PBXBuildFile; productRef = 394F8CED2E9C03D20043E5CF /* Customer */; };
		390DC8B42E9EA10000771178 /* Inventory in Frameworks */ = {isa = PBXBuildFile; productRef = 394F8CF32E9C076F0043E5CF /* Inventory */; };
		390DC8C02E9FF93100771178 /* PaymentReceipt in Frameworks */ = {isa = PBXBuildFile; productRef = 390DC8BF2E9FF93100771178 /* PaymentReceipt */; };
		390DC8C32E9FF95400771178 /* Inventory in Frameworks */ = {isa = PBXBuildFile; productRef = 390DC8C22E9FF95400771178 /* Inventory */; };
		390DC8C62E9FF97300771178 /* Product in Frameworks */ = {isa = PBXBuildFile; productRef = 390DC8C52E9FF97300771178 /* Product */; };
		390DC8C92E9FF97F00771178 /* Core in Frameworks */ = {isa = PBXBuildFile; productRef = 390DC8C82E9FF97F00771178 /* Core */; };
		390DC8CC2E9FF9A400771178 /* Invoice in Frameworks */ = {isa = PBXBuildFile; productRef = 390DC8CB2E9FF9A400771178 /* Invoice */; };
		390DC8CF2E9FF9D000771178 /* Dashboard in Frameworks */ = {isa = PBXBuildFile; productRef = 390DC8CE2E9FF9D000771178 /* Dashboard */; };
		390DC8D22E9FF9DD00771178 /* Customer in Frameworks */ = {isa = PBXBuildFile; productRef = 390DC8D12E9FF9DD00771178 /* Customer */; };
		394F8CF12E9C06000043E5CF /* Invoice in Frameworks */ = {isa = PBXBuildFile; productRef = 394F8CF02E9C06000043E5CF /* Invoice */; };
		394F8CF72E9C0A460043E5CF /* Dashboard in Frameworks */ = {isa = PBXBuildFile; productRef = 394F8CF62E9C0A460043E5CF /* Dashboard */; };
/* End PBXBuildFile section */

/* Begin PBXFileReference section */
		390DC87B2E9CEB8C00771178 /* README.md */ = {isa = PBXFileReference; lastKnownFileType = net.daringfireball.markdown; path = README.md; sourceTree = "<group>"; };
		3924D2A72E95223F00F5D8CB /* ProductCatalogApp.app */ = {isa = PBXFileReference; explicitFileType = wrapper.application; includeInIndex = 0; path = ProductCatalogApp.app; sourceTree = BUILT_PRODUCTS_DIR; };
/* End PBXFileReference section */

/* Begin PBXFileSystemSynchronizedBuildFileExceptionSet section */
		3924D2BA2E95339200F5D8CB /* Exceptions for "ProductCatalogApp" folder in "ProductCatalogApp" target */ = {
			isa = PBXFileSystemSynchronizedBuildFileExceptionSet;
			membershipExceptions = (
				Info.plist,
			);
			target = 3924D2A62E95223F00F5D8CB /* ProductCatalogApp */;
		};
/* End PBXFileSystemSynchronizedBuildFileExceptionSet section */

/* Begin PBXFileSystemSynchronizedRootGroup section */
		3924D2A92E95223F00F5D8CB /* ProductCatalogApp */ = {
			isa = PBXFileSystemSynchronizedRootGroup;
			exceptions = (
				3924D2BA2E95339200F5D8CB /* Exceptions for "ProductCatalogApp" folder in "ProductCatalogApp" target */,
			);
			path = ProductCatalogApp;
			sourceTree = "<group>";
		};
/* End PBXFileSystemSynchronizedRootGroup section */

/* Begin PBXFrameworksBuildPhase section */
		3924D2A42E95223F00F5D8CB /* Frameworks */ = {
			isa = PBXFrameworksBuildPhase;
			buildActionMask = 2147483647;
			files = (
				390DC8D22E9FF9DD00771178 /* Customer in Frameworks */,
				390DC8B42E9EA10000771178 /* Inventory in Frameworks */,
				390DC8CF2E9FF9D000771178 /* Dashboard in Frameworks */,
				390DC8B32E9EA10000771178 /* Customer in Frameworks */,
				390DC8B22E9EA10000771178 /* Product in Frameworks */,
				390DC8CC2E9FF9A400771178 /* Invoice in Frameworks */,
				390DC8C32E9FF95400771178 /* Inventory in Frameworks */,
				390DC8B12E9EA10000771178 /* Core in Frameworks */,
				390DC8C92E9FF97F00771178 /* Core in Frameworks */,
				390DC8B02E9EA10000771178 /* PaymentReceipt in Frameworks */,
				390DC8AF2E9EA10000771178 /* Core in Frameworks */,
				390DC8C62E9FF97300771178 /* Product in Frameworks */,
				394F8CF12E9C06000043E5CF /* Invoice in Frameworks */,
				394F8CF72E9C0A460043E5CF /* Dashboard in Frameworks */,
				390DC8C02E9FF93100771178 /* PaymentReceipt in Frameworks */,
				390DC84C2E9C318D00771178 /* Core in Frameworks */,
				390DC8502E9C321F00771178 /* Customer in Frameworks */,
			);
			runOnlyForDeploymentPostprocessing = 0;
		};
/* End PBXFrameworksBuildPhase section */

/* Begin PBXGroup section */
		3924D29E2E95223F00F5D8CB = {
			isa = PBXGroup;
			children = (
				390DC87B2E9CEB8C00771178 /* README.md */,
				3924D2A92E95223F00F5D8CB /* ProductCatalogApp */,
				3924D2A82E95223F00F5D8CB /* Products */,
			);
			sourceTree = "<group>";
		};
		3924D2A82E95223F00F5D8CB /* Products */ = {
			isa = PBXGroup;
			children = (
				3924D2A72E95223F00F5D8CB /* ProductCatalogApp.app */,
			);
			name = Products;
			sourceTree = "<group>";
		};
/* End PBXGroup section */

/* Begin PBXNativeTarget section */
		3924D2A62E95223F00F5D8CB /* ProductCatalogApp */ = {
			isa = PBXNativeTarget;
			buildConfigurationList = 3924D2B22E95224100F5D8CB /* Build configuration list for PBXNativeTarget "ProductCatalogApp" */;
			buildPhases = (
				3924D2A32E95223F00F5D8CB /* Sources */,
				3924D2A42E95223F00F5D8CB /* Frameworks */,
				3924D2A52E95223F00F5D8CB /* Resources */,
			);
			buildRules = (
			);
			dependencies = (
			);
			fileSystemSynchronizedGroups = (
				3924D2A92E95223F00F5D8CB /* ProductCatalogApp */,
			);
			name = ProductCatalogApp;
			packageProductDependencies = (
				39B9AF362E9BADCA002F0945 /* Core */,
				394F8CE52E9BBAFF0043E5CF /* PaymentReceipt */,
				394F8CE72E9BFDCD0043E5CF /* Core */,
				394F8CEA2E9C01040043E5CF /* Product */,
				394F8CED2E9C03D20043E5CF /* Customer */,
				394F8CF02E9C06000043E5CF /* Invoice */,
				394F8CF32E9C076F0043E5CF /* Inventory */,
				394F8CF62E9C0A460043E5CF /* Dashboard */,
				390DC84B2E9C318D00771178 /* Core */,
				390DC84F2E9C321F00771178 /* Customer */,
				390DC8BF2E9FF93100771178 /* PaymentReceipt */,
				390DC8C22E9FF95400771178 /* Inventory */,
				390DC8C52E9FF97300771178 /* Product */,
				390DC8C82E9FF97F00771178 /* Core */,
				390DC8CB2E9FF9A400771178 /* Invoice */,
				390DC8CE2E9FF9D000771178 /* Dashboard */,
				390DC8D12E9FF9DD00771178 /* Customer */,
			);
			productName = ProductCatalogApp;
			productReference = 3924D2A72E95223F00F5D8CB /* ProductCatalogApp.app */;
			productType = "com.apple.product-type.application";
		};
/* End PBXNativeTarget section */

/* Begin PBXProject section */
		3924D29F2E95223F00F5D8CB /* Project object */ = {
			isa = PBXProject;
			attributes = {
				BuildIndependentTargetsInParallel = 1;
				LastSwiftUpdateCheck = 2600;
				LastUpgradeCheck = 2600;
				TargetAttributes = {
					3924D2A62E95223F00F5D8CB = {
						CreatedOnToolsVersion = 26.0.1;
					};
				};
			};
			buildConfigurationList = 3924D2A22E95223F00F5D8CB /* Build configuration list for PBXProject "ProductCatalogApp" */;
			developmentRegion = en;
			hasScannedForEncodings = 0;
			knownRegions = (
				en,
				Base,
			);
			mainGroup = 3924D29E2E95223F00F5D8CB;
			minimizedProjectReferenceProxies = 1;
			packageReferences = (
				390DC8BE2E9FF93100771178 /* XCRemoteSwiftPackageReference "PaymentReceipt" */,
				390DC8C12E9FF95400771178 /* XCRemoteSwiftPackageReference "Inventory" */,
				390DC8C42E9FF97300771178 /* XCRemoteSwiftPackageReference "Product" */,
				390DC8C72E9FF97F00771178 /* XCRemoteSwiftPackageReference "Core" */,
				390DC8CA2E9FF9A400771178 /* XCRemoteSwiftPackageReference "Invoice" */,
				390DC8CD2E9FF9D000771178 /* XCRemoteSwiftPackageReference "Dashboard" */,
				390DC8D02E9FF9DD00771178 /* XCRemoteSwiftPackageReference "Customer" */,
			);
			preferredProjectObjectVersion = 77;
			productRefGroup = 3924D2A82E95223F00F5D8CB /* Products */;
			projectDirPath = "";
			projectRoot = "";
			targets = (
				3924D2A62E95223F00F5D8CB /* ProductCatalogApp */,
			);
		};
/* End PBXProject section */

/* Begin PBXResourcesBuildPhase section */
		3924D2A52E95223F00F5D8CB /* Resources */ = {
			isa = PBXResourcesBuildPhase;
			buildActionMask = 2147483647;
			files = (
				390DC87C2E9CEB8D00771178 /* README.md in Resources */,
			);
			runOnlyForDeploymentPostprocessing = 0;
		};
/* End PBXResourcesBuildPhase section */

/* Begin PBXSourcesBuildPhase section */
		3924D2A32E95223F00F5D8CB /* Sources */ = {
			isa = PBXSourcesBuildPhase;
			buildActionMask = 2147483647;
			files = (
			);
			runOnlyForDeploymentPostprocessing = 0;
		};
/* End PBXSourcesBuildPhase section */

/* Begin XCBuildConfiguration section */
		3924D2B02E95224100F5D8CB /* Debug */ = {
			isa = XCBuildConfiguration;
			buildSettings = {
				ALWAYS_SEARCH_USER_PATHS = NO;
				ASSETCATALOG_COMPILER_GENERATE_SWIFT_ASSET_SYMBOL_EXTENSIONS = YES;
				CLANG_ANALYZER_NONNULL = YES;
				CLANG_ANALYZER_NUMBER_OBJECT_CONVERSION = YES_AGGRESSIVE;
				CLANG_CXX_LANGUAGE_STANDARD = "gnu++20";
				CLANG_ENABLE_MODULES = YES;
				CLANG_ENABLE_OBJC_ARC = YES;
				CLANG_ENABLE_OBJC_WEAK = YES;
				CLANG_WARN_BLOCK_CAPTURE_AUTORELEASING = YES;
				CLANG_WARN_BOOL_CONVERSION = YES;
				CLANG_WARN_COMMA = YES;
				CLANG_WARN_CONSTANT_CONVERSION = YES;
				CLANG_WARN_DEPRECATED_OBJC_IMPLEMENTATIONS = YES;
				CLANG_WARN_DIRECT_OBJC_ISA_USAGE = YES_ERROR;
				CLANG_WARN_DOCUMENTATION_COMMENTS = YES;
				CLANG_WARN_EMPTY_BODY = YES;
				CLANG_WARN_ENUM_CONVERSION = YES;
				CLANG_WARN_INFINITE_RECURSION = YES;
				CLANG_WARN_INT_CONVERSION = YES;
				CLANG_WARN_NON_LITERAL_NULL_CONVERSION = YES;
				CLANG_WARN_OBJC_IMPLICIT_RETAIN_SELF = YES;
				CLANG_WARN_OBJC_LITERAL_CONVERSION = YES;
				CLANG_WARN_OBJC_ROOT_CLASS = YES_ERROR;
				CLANG_WARN_QUOTED_INCLUDE_IN_FRAMEWORK_HEADER = YES;
				CLANG_WARN_RANGE_LOOP_ANALYSIS = YES;
				CLANG_WARN_STRICT_PROTOTYPES = YES;
				CLANG_WARN_SUSPICIOUS_MOVE = YES;
				CLANG_WARN_UNGUARDED_AVAILABILITY = YES_AGGRESSIVE;
				CLANG_WARN_UNREACHABLE_CODE = YES;
				CLANG_WARN__DUPLICATE_METHOD_MATCH = YES;
				COPY_PHASE_STRIP = NO;
				DEBUG_INFORMATION_FORMAT = dwarf;
				DEVELOPMENT_TEAM = XUBG5X8L2A;
				ENABLE_STRICT_OBJC_MSGSEND = YES;
				ENABLE_TESTABILITY = YES;
				ENABLE_USER_SCRIPT_SANDBOXING = YES;
				GCC_C_LANGUAGE_STANDARD = gnu17;
				GCC_DYNAMIC_NO_PIC = NO;
				GCC_NO_COMMON_BLOCKS = YES;
				GCC_OPTIMIZATION_LEVEL = 0;
				GCC_PREPROCESSOR_DEFINITIONS = (
					"DEBUG=1",
					"$(inherited)",
				);
				GCC_WARN_64_TO_32_BIT_CONVERSION = YES;
				GCC_WARN_ABOUT_RETURN_TYPE = YES_ERROR;
				GCC_WARN_UNDECLARED_SELECTOR = YES;
				GCC_WARN_UNINITIALIZED_AUTOS = YES_AGGRESSIVE;
				GCC_WARN_UNUSED_FUNCTION = YES;
				GCC_WARN_UNUSED_VARIABLE = YES;
				IPHONEOS_DEPLOYMENT_TARGET = 26.0;
				LOCALIZATION_PREFERS_STRING_CATALOGS = YES;
				MTL_ENABLE_DEBUG_INFO = INCLUDE_SOURCE;
				MTL_FAST_MATH = YES;
				ONLY_ACTIVE_ARCH = YES;
				SDKROOT = iphoneos;
				SWIFT_ACTIVE_COMPILATION_CONDITIONS = "DEBUG $(inherited)";
				SWIFT_OPTIMIZATION_LEVEL = "-Onone";
			};
			name = Debug;
		};
		3924D2B12E95224100F5D8CB /* Release */ = {
			isa = XCBuildConfiguration;
			buildSettings = {
				ALWAYS_SEARCH_USER_PATHS = NO;
				ASSETCATALOG_COMPILER_GENERATE_SWIFT_ASSET_SYMBOL_EXTENSIONS = YES;
				CLANG_ANALYZER_NONNULL = YES;
				CLANG_ANALYZER_NUMBER_OBJECT_CONVERSION = YES_AGGRESSIVE;
				CLANG_CXX_LANGUAGE_STANDARD = "gnu++20";
				CLANG_ENABLE_MODULES = YES;
				CLANG_ENABLE_OBJC_ARC = YES;
				CLANG_ENABLE_OBJC_WEAK = YES;
				CLANG_WARN_BLOCK_CAPTURE_AUTORELEASING = YES;
				CLANG_WARN_BOOL_CONVERSION = YES;
				CLANG_WARN_COMMA = YES;
				CLANG_WARN_CONSTANT_CONVERSION = YES;
				CLANG_WARN_DEPRECATED_OBJC_IMPLEMENTATIONS = YES;
				CLANG_WARN_DIRECT_OBJC_ISA_USAGE = YES_ERROR;
				CLANG_WARN_DOCUMENTATION_COMMENTS = YES;
				CLANG_WARN_EMPTY_BODY = YES;
				CLANG_WARN_ENUM_CONVERSION = YES;
				CLANG_WARN_INFINITE_RECURSION = YES;
				CLANG_WARN_INT_CONVERSION = YES;
				CLANG_WARN_NON_LITERAL_NULL_CONVERSION = YES;
				CLANG_WARN_OBJC_IMPLICIT_RETAIN_SELF = YES;
				CLANG_WARN_OBJC_LITERAL_CONVERSION = YES;
				CLANG_WARN_OBJC_ROOT_CLASS = YES_ERROR;
				CLANG_WARN_QUOTED_INCLUDE_IN_FRAMEWORK_HEADER = YES;
				CLANG_WARN_RANGE_LOOP_ANALYSIS = YES;
				CLANG_WARN_STRICT_PROTOTYPES = YES;
				CLANG_WARN_SUSPICIOUS_MOVE = YES;
				CLANG_WARN_UNGUARDED_AVAILABILITY = YES_AGGRESSIVE;
				CLANG_WARN_UNREACHABLE_CODE = YES;
				CLANG_WARN__DUPLICATE_METHOD_MATCH = YES;
				COPY_PHASE_STRIP = NO;
				DEBUG_INFORMATION_FORMAT = "dwarf-with-dsym";
				DEVELOPMENT_TEAM = XUBG5X8L2A;
				ENABLE_NS_ASSERTIONS = NO;
				ENABLE_STRICT_OBJC_MSGSEND = YES;
				ENABLE_USER_SCRIPT_SANDBOXING = YES;
				GCC_C_LANGUAGE_STANDARD = gnu17;
				GCC_NO_COMMON_BLOCKS = YES;
				GCC_WARN_64_TO_32_BIT_CONVERSION = YES;
				GCC_WARN_ABOUT_RETURN_TYPE = YES_ERROR;
				GCC_WARN_UNDECLARED_SELECTOR = YES;
				GCC_WARN_UNINITIALIZED_AUTOS = YES_AGGRESSIVE;
				GCC_WARN_UNUSED_FUNCTION = YES;
				GCC_WARN_UNUSED_VARIABLE = YES;
				IPHONEOS_DEPLOYMENT_TARGET = 26.0;
				LOCALIZATION_PREFERS_STRING_CATALOGS = YES;
				MTL_ENABLE_DEBUG_INFO = NO;
				MTL_FAST_MATH = YES;
				SDKROOT = iphoneos;
				SWIFT_COMPILATION_MODE = wholemodule;
				VALIDATE_PRODUCT = YES;
			};
			name = Release;
		};
		3924D2B32E95224100F5D8CB /* Debug */ = {
			isa = XCBuildConfiguration;
			buildSettings = {
				ASSETCATALOG_COMPILER_APPICON_NAME = AppIcon;
				ASSETCATALOG_COMPILER_GLOBAL_ACCENT_COLOR_NAME = AccentColor;
				CODE_SIGN_ENTITLEMENTS = ProductCatalogApp/ProductCatalogApp.entitlements;
				CODE_SIGN_STYLE = Automatic;
				CURRENT_PROJECT_VERSION = 1;
				DEVELOPMENT_TEAM = XUBG5X8L2A;
				ENABLE_APP_SANDBOX = YES;
				ENABLE_INCOMING_NETWORK_CONNECTIONS = NO;
				ENABLE_OUTGOING_NETWORK_CONNECTIONS = NO;
				ENABLE_PREVIEWS = YES;
				ENABLE_RESOURCE_ACCESS_AUDIO_INPUT = NO;
				ENABLE_RESOURCE_ACCESS_BLUETOOTH = NO;
				ENABLE_RESOURCE_ACCESS_CALENDARS = NO;
				ENABLE_RESOURCE_ACCESS_CAMERA = YES;
				ENABLE_RESOURCE_ACCESS_CONTACTS = NO;
				ENABLE_RESOURCE_ACCESS_LOCATION = NO;
				ENABLE_RESOURCE_ACCESS_PRINTING = NO;
				ENABLE_RESOURCE_ACCESS_USB = NO;
				ENABLE_USER_SELECTED_FILES = readwrite;
				GENERATE_INFOPLIST_FILE = YES;
				INFOPLIST_FILE = ProductCatalogApp/Info.plist;
				INFOPLIST_KEY_CFBundleDisplayName = Invoice;
				INFOPLIST_KEY_LSApplicationCategoryType = "public.app-category.business";
				INFOPLIST_KEY_NSCameraUsageDescription = "App Needs Camera";
				INFOPLIST_KEY_UIApplicationSceneManifest_Generation = YES;
				INFOPLIST_KEY_UIApplicationSupportsIndirectInputEvents = YES;
				INFOPLIST_KEY_UILaunchScreen_Generation = YES;
				INFOPLIST_KEY_UISupportedInterfaceOrientations_iPad = "UIInterfaceOrientationPortrait UIInterfaceOrientationPortraitUpsideDown UIInterfaceOrientationLandscapeLeft UIInterfaceOrientationLandscapeRight";
				INFOPLIST_KEY_UISupportedInterfaceOrientations_iPhone = "UIInterfaceOrientationPortrait UIInterfaceOrientationLandscapeLeft UIInterfaceOrientationLandscapeRight";
				LD_RUNPATH_SEARCH_PATHS = (
					"$(inherited)",
					"@executable_path/Frameworks",
				);
				MARKETING_VERSION = 1.0;
				PRODUCT_BUNDLE_IDENTIFIER = flyct.product;
				PRODUCT_NAME = "$(TARGET_NAME)";
				STRING_CATALOG_GENERATE_SYMBOLS = YES;
				SUPPORTED_PLATFORMS = "iphoneos iphonesimulator";
				SUPPORTS_MACCATALYST = YES;
				SWIFT_APPROACHABLE_CONCURRENCY = YES;
				SWIFT_DEFAULT_ACTOR_ISOLATION = MainActor;
				SWIFT_EMIT_LOC_STRINGS = YES;
				SWIFT_UPCOMING_FEATURE_MEMBER_IMPORT_VISIBILITY = YES;
				SWIFT_VERSION = 5.0;
				TARGETED_DEVICE_FAMILY = "1,2";
			};
			name = Debug;
		};
		3924D2B42E95224100F5D8CB /* Release */ = {
			isa = XCBuildConfiguration;
			buildSettings = {
				ASSETCATALOG_COMPILER_APPICON_NAME = AppIcon;
				ASSETCATALOG_COMPILER_GLOBAL_ACCENT_COLOR_NAME = AccentColor;
				CODE_SIGN_ENTITLEMENTS = ProductCatalogApp/ProductCatalogApp.entitlements;
				CODE_SIGN_STYLE = Automatic;
				CURRENT_PROJECT_VERSION = 1;
				DEVELOPMENT_TEAM = XUBG5X8L2A;
				ENABLE_APP_SANDBOX = YES;
				ENABLE_INCOMING_NETWORK_CONNECTIONS = NO;
				ENABLE_OUTGOING_NETWORK_CONNECTIONS = NO;
				ENABLE_PREVIEWS = YES;
				ENABLE_RESOURCE_ACCESS_AUDIO_INPUT = NO;
				ENABLE_RESOURCE_ACCESS_BLUETOOTH = NO;
				ENABLE_RESOURCE_ACCESS_CALENDARS = NO;
				ENABLE_RESOURCE_ACCESS_CAMERA = YES;
				ENABLE_RESOURCE_ACCESS_CONTACTS = NO;
				ENABLE_RESOURCE_ACCESS_LOCATION = NO;
				ENABLE_RESOURCE_ACCESS_PRINTING = NO;
				ENABLE_RESOURCE_ACCESS_USB = NO;
				ENABLE_USER_SELECTED_FILES = readwrite;
				GENERATE_INFOPLIST_FILE = YES;
				INFOPLIST_FILE = ProductCatalogApp/Info.plist;
				INFOPLIST_KEY_CFBundleDisplayName = Invoice;
				INFOPLIST_KEY_LSApplicationCategoryType = "public.app-category.business";
				INFOPLIST_KEY_NSCameraUsageDescription = "App Needs Camera";
				INFOPLIST_KEY_UIApplicationSceneManifest_Generation = YES;
				INFOPLIST_KEY_UIApplicationSupportsIndirectInputEvents = YES;
				INFOPLIST_KEY_UILaunchScreen_Generation = YES;
				INFOPLIST_KEY_UISupportedInterfaceOrientations_iPad = "UIInterfaceOrientationPortrait UIInterfaceOrientationPortraitUpsideDown UIInterfaceOrientationLandscapeLeft UIInterfaceOrientationLandscapeRight";
				INFOPLIST_KEY_UISupportedInterfaceOrientations_iPhone = "UIInterfaceOrientationPortrait UIInterfaceOrientationLandscapeLeft UIInterfaceOrientationLandscapeRight";
				LD_RUNPATH_SEARCH_PATHS = (
					"$(inherited)",
					"@executable_path/Frameworks",
				);
				MARKETING_VERSION = 1.0;
				PRODUCT_BUNDLE_IDENTIFIER = flyct.product;
				PRODUCT_NAME = "$(TARGET_NAME)";
				STRING_CATALOG_GENERATE_SYMBOLS = YES;
				SUPPORTED_PLATFORMS = "iphoneos iphonesimulator";
				SUPPORTS_MACCATALYST = YES;
				SWIFT_APPROACHABLE_CONCURRENCY = YES;
				SWIFT_DEFAULT_ACTOR_ISOLATION = MainActor;
				SWIFT_EMIT_LOC_STRINGS = YES;
				SWIFT_UPCOMING_FEATURE_MEMBER_IMPORT_VISIBILITY = YES;
				SWIFT_VERSION = 5.0;
				TARGETED_DEVICE_FAMILY = "1,2";
			};
			name = Release;
		};
/* End XCBuildConfiguration section */

/* Begin XCConfigurationList section */
		3924D2A22E95223F00F5D8CB /* Build configuration list for PBXProject "ProductCatalogApp" */ = {
			isa = XCConfigurationList;
			buildConfigurations = (
				3924D2B02E95224100F5D8CB /* Debug */,
				3924D2B12E95224100F5D8CB /* Release */,
			);
			defaultConfigurationIsVisible = 0;
			defaultConfigurationName = Release;
		};
		3924D2B22E95224100F5D8CB /* Build configuration list for PBXNativeTarget "ProductCatalogApp" */ = {
			isa = XCConfigurationList;
			buildConfigurations = (
				3924D2B32E95224100F5D8CB /* Debug */,
				3924D2B42E95224100F5D8CB /* Release */,
			);
			defaultConfigurationIsVisible = 0;
			defaultConfigurationName = Release;
		};
/* End XCConfigurationList section */

/* Begin XCRemoteSwiftPackageReference section */
		390DC8BE2E9FF93100771178 /* XCRemoteSwiftPackageReference "PaymentReceipt" */ = {
			isa = XCRemoteSwiftPackageReference;
			repositoryURL = "git@github.com:aftabahmed1286/PaymentReceipt.git";
			requirement = {
				branch = main;
				kind = branch;
			};
		};
		390DC8C12E9FF95400771178 /* XCRemoteSwiftPackageReference "Inventory" */ = {
			isa = XCRemoteSwiftPackageReference;
			repositoryURL = "git@github.com:aftabahmed1286/Inventory.git";
			requirement = {
				branch = main;
				kind = branch;
			};
		};
		390DC8C42E9FF97300771178 /* XCRemoteSwiftPackageReference "Product" */ = {
			isa = XCRemoteSwiftPackageReference;
			repositoryURL = "git@github.com:aftabahmed1286/Product.git";
			requirement = {
				branch = main;
				kind = branch;
			};
		};
		390DC8C72E9FF97F00771178 /* XCRemoteSwiftPackageReference "Core" */ = {
			isa = XCRemoteSwiftPackageReference;
			repositoryURL = "git@github.com:aftabahmed1286/Core.git";
			requirement = {
				branch = main;
				kind = branch;
			};
		};
		390DC8CA2E9FF9A400771178 /* XCRemoteSwiftPackageReference "Invoice" */ = {
			isa = XCRemoteSwiftPackageReference;
			repositoryURL = "git@github.com:aftabahmed1286/Invoice.git";
			requirement = {
				branch = main;
				kind = branch;
			};
		};
		390DC8CD2E9FF9D000771178 /* XCRemoteSwiftPackageReference "Dashboard" */ = {
			isa = XCRemoteSwiftPackageReference;
			repositoryURL = "git@github.com:aftabahmed1286/Dashboard.git";
			requirement = {
				branch = main;
				kind = branch;
			};
		};
		390DC8D02E9FF9DD00771178 /* XCRemoteSwiftPackageReference "Customer" */ = {
			isa = XCRemoteSwiftPackageReference;
			repositoryURL = "git@github.com:aftabahmed1286/Customer.git";
			requirement = {
				branch = main;
				kind = branch;
			};
		};
/* End XCRemoteSwiftPackageReference section */

/* Begin XCSwiftPackageProductDependency section */
		390DC84B2E9C318D00771178 /* Core */ = {
			isa = XCSwiftPackageProductDependency;
			productName = Core;
		};
		390DC84F2E9C321F00771178 /* Customer */ = {
			isa = XCSwiftPackageProductDependency;
			productName = Customer;
		};
		390DC8BF2E9FF93100771178 /* PaymentReceipt */ = {
			isa = XCSwiftPackageProductDependency;
			package = 390DC8BE2E9FF93100771178 /* XCRemoteSwiftPackageReference "PaymentReceipt" */;
			productName = PaymentReceipt;
		};
		390DC8C22E9FF95400771178 /* Inventory */ = {
			isa = XCSwiftPackageProductDependency;
			package = 390DC8C12E9FF95400771178 /* XCRemoteSwiftPackageReference "Inventory" */;
			productName = Inventory;
		};
		390DC8C52E9FF97300771178 /* Product */ = {
			isa = XCSwiftPackageProductDependency;
			package = 390DC8C42E9FF97300771178 /* XCRemoteSwiftPackageReference "Product" */;
			productName = Product;
		};
		390DC8C82E9FF97F00771178 /* Core */ = {
			isa = XCSwiftPackageProductDependency;
			package = 390DC8C72E9FF97F00771178 /* XCRemoteSwiftPackageReference "Core" */;
			productName = Core;
		};
		390DC8CB2E9FF9A400771178 /* Invoice */ = {
			isa = XCSwiftPackageProductDependency;
			package = 390DC8CA2E9FF9A400771178 /* XCRemoteSwiftPackageReference "Invoice" */;
			productName = Invoice;
		};
		390DC8CE2E9FF9D000771178 /* Dashboard */ = {
			isa = XCSwiftPackageProductDependency;
			package = 390DC8CD2E9FF9D000771178 /* XCRemoteSwiftPackageReference "Dashboard" */;
			productName = Dashboard;
		};
		390DC8D12E9FF9DD00771178 /* Customer */ = {
			isa = XCSwiftPackageProductDependency;
			package = 390DC8D02E9FF9DD00771178 /* XCRemoteSwiftPackageReference "Customer" */;
			productName = Customer;
		};
		394F8CE52E9BBAFF0043E5CF /* PaymentReceipt */ = {
			isa = XCSwiftPackageProductDependency;
			productName = PaymentReceipt;
		};
		394F8CE72E9BFDCD0043E5CF /* Core */ = {
			isa = XCSwiftPackageProductDependency;
			productName = Core;
		};
		394F8CEA2E9C01040043E5CF /* Product */ = {
			isa = XCSwiftPackageProductDependency;
			productName = Product;
		};
		394F8CED2E9C03D20043E5CF /* Customer */ = {
			isa = XCSwiftPackageProductDependency;
			productName = Customer;
		};
		394F8CF02E9C06000043E5CF /* Invoice */ = {
			isa = XCSwiftPackageProductDependency;
			productName = Invoice;
		};
		394F8CF32E9C076F0043E5CF /* Inventory */ = {
			isa = XCSwiftPackageProductDependency;
			productName = Inventory;
		};
		394F8CF62E9C0A460043E5CF /* Dashboard */ = {
			isa = XCSwiftPackageProductDependency;
			productName = Dashboard;
		};
		39B9AF362E9BADCA002F0945 /* Core */ = {
			isa = XCSwiftPackageProductDependency;
			productName = Core;
		};
/* End XCSwiftPackageProductDependency section */
	};
	rootObject = 3924D29F2E95223F00F5D8CB /* Project object */;
}
